<?xml version="1.0" encoding="utf-8"?>
<Project ToolsVersion="4.0" xmlns="http://schemas.microsoft.com/developer/msbuild/2003">
  <ItemGroup>
    <ClInclude Include="GameConstantBuffer.h" />
    <ClInclude Include="GameDebugPlus.h" />
    <ClInclude Include="GameDepthstencil.h" />
    <ClInclude Include="GameDevBuffer.h" />
    <ClInclude Include="GameDevice.h" />
    <ClInclude Include="GameActor.h" />
    <ClInclude Include="GameAnimation.h" />
    <ClInclude Include="GameBlend.h" />
    <ClInclude Include="GameCamera.h" />
    <ClInclude Include="GameCol.h" />
    <ClInclude Include="GameComponent.h" />
    <ClInclude Include="GameSpriteRenderer.h" />
    <ClInclude Include="GameTexture.h" />
    <ClInclude Include="GameTransform.h" />
    <ClInclude Include="GameVirtualProgress.h" />
    <ClInclude Include="GameVtxBuffer.h" />
    <ClInclude Include="GameVtxShader.h" />
    <ClInclude Include="GameFont.h" />
    <ClInclude Include="GameIdxBuffer.h" />
    <ClInclude Include="GameMaterial.h" />
    <ClInclude Include="GameMesh.h" />
    <ClInclude Include="GamePixShader.h" />
    <ClInclude Include="GameRasterizer.h" />
    <ClInclude Include="GameRenderer.h" />
    <ClInclude Include="GameRenderTarget.h" />
    <ClInclude Include="GameSampler.h" />
    <ClInclude Include="GameScene.h" />
    <ClInclude Include="GameShader.h" />
    <ClInclude Include="GameSprite.h" />
    <ClInclude Include="GameRenderingData.h" />
    <ClInclude Include="GameLight.h" />
    <ClInclude Include="GameStructuredBuffer.h" />
    <ClInclude Include="GameRay.h" />
    <ClInclude Include="GameParticle.h" />
    <ClInclude Include="GameGeometryShader.h" />
    <ClInclude Include="GameHeightMap.h" />
    <ClInclude Include="Vtx.h">
      <Filter>.h</Filter>
    </ClInclude>
  </ItemGroup>
  <ItemGroup>
    <ClCompile Include="GameDebugPlus.cpp" />
    <ClCompile Include="GameDepthstencil.cpp" />
    <ClCompile Include="GameDevice.cpp" />
    <ClCompile Include="GameDeviceBlend.cpp" />
    <ClCompile Include="GameDeviceDepthstencil.cpp" />
    <ClCompile Include="GameDeviceMaterial.cpp" />
    <ClCompile Include="GameDeviceMesh.cpp" />
    <ClCompile Include="GameDeviceRasterizer.cpp" />
    <ClCompile Include="GameDeviceSampler.cpp" />
    <ClCompile Include="GameDeviceShader.cpp" />
    <ClCompile Include="GameActor.cpp" />
    <ClCompile Include="GameAnimation.cpp" />
    <ClCompile Include="GameBlend.cpp" />
    <ClCompile Include="GameCamera.cpp" />
    <ClCompile Include="GameCol.cpp" />
    <ClCompile Include="GameComponent.cpp" />
    <ClCompile Include="GameConstantBuffer.cpp" />
    <ClCompile Include="GameTexture.cpp" />
    <ClCompile Include="GameTransform.cpp" />
    <ClCompile Include="GameTransformColFunc.cpp" />
    <ClCompile Include="GameVtxBuffer.cpp" />
    <ClCompile Include="GameVtxShader.cpp" />
    <ClCompile Include="GameFont.cpp" />
    <ClCompile Include="GameIdxBuffer.cpp" />
    <ClCompile Include="GameMaterial.cpp" />
    <ClCompile Include="GameMesh.cpp" />
    <ClCompile Include="GamePixShader.cpp" />
    <ClCompile Include="GameRasterizer.cpp" />
    <ClCompile Include="GameRenderer.cpp" />
    <ClCompile Include="GameRenderTarget.cpp" />
    <ClCompile Include="GameSampler.cpp" />
    <ClCompile Include="GameScene.cpp" />
    <ClCompile Include="GameShader.cpp" />
    <ClCompile Include="GameSprite.cpp" />
    <ClCompile Include="GameSpriteRenderer.cpp" />
    <ClCompile Include="GameLight.cpp" />
    <ClCompile Include="GameStructuredBuffer.cpp" />
    <ClCompile Include="GameRay.cpp" />
    <ClCompile Include="GameParticle.cpp" />
    <ClCompile Include="GameGeometryShader.cpp" />
    <ClCompile Include="GameHeightMap.cpp" />
  </ItemGroup>
  <ItemGroup>
    <Filter Include=".h">
      <UniqueIdentifier>{60890722-3776-4dc2-a1be-ffd4b5ad60d9}</UniqueIdentifier>
    </Filter>
  </ItemGroup>
  <ItemGroup>
    <Text Include="_GameTransform.txt" />
  </ItemGroup>
</Project>