
Microsoft Visual Studio Solution File, Format Version 12.00
# Visual Studio Version 17
VisualStudioVersion = 17.7.34221.43
MinimumVisualStudioVersion = 10.0.40219.1
Project("{8BC9CEB8-8B4A-11D0-8D11-00A0C91BC942}") = "GameClient", "GameClient\GameClient.vcxproj", "{047646B9-C9E7-45E9-A515-41B3862366B2}"
	ProjectSection(ProjectDependencies) = postProject
		{03BEAA48-8128-4EE5-A1C5-7F076E88C010} = {03BEAA48-8128-4EE5-A1C5-7F076E88C010}
		{C0F377A3-24F7-4E8B-B230-8EFA2D62D7EF} = {C0F377A3-24F7-4E8B-B230-8EFA2D62D7EF}
		{CD0D229C-0979-4878-98CD-93F2C71B5ACA} = {CD0D229C-0979-4878-98CD-93F2C71B5ACA}
	EndProjectSection
EndProject
Project("{8BC9CEB8-8B4A-11D0-8D11-00A0C91BC942}") = "GameBase", "GameBase\GameBase.vcxproj", "{C0F377A3-24F7-4E8B-B230-8EFA2D62D7EF}"
EndProject
Project("{8BC9CEB8-8B4A-11D0-8D11-00A0C91BC942}") = "GameEngine", "GameEngine\GameEngine.vcxproj", "{03BEAA48-8128-4EE5-A1C5-7F076E88C010}"
	ProjectSection(ProjectDependencies) = postProject
		{371B9FA9-4C90-4AC6-A123-ACED756D6C77} = {371B9FA9-4C90-4AC6-A123-ACED756D6C77}
		{9F62DB07-EA42-4388-82AB-E6FAA371F353} = {9F62DB07-EA42-4388-82AB-E6FAA371F353}
		{C0F377A3-24F7-4E8B-B230-8EFA2D62D7EF} = {C0F377A3-24F7-4E8B-B230-8EFA2D62D7EF}
	EndProjectSection
EndProject
Project("{8BC9CEB8-8B4A-11D0-8D11-00A0C91BC942}") = "GameLogic", "GameLogic\GameLogic.vcxproj", "{CD0D229C-0979-4878-98CD-93F2C71B5ACA}"
	ProjectSection(ProjectDependencies) = postProject
		{03BEAA48-8128-4EE5-A1C5-7F076E88C010} = {03BEAA48-8128-4EE5-A1C5-7F076E88C010}
		{C0F377A3-24F7-4E8B-B230-8EFA2D62D7EF} = {C0F377A3-24F7-4E8B-B230-8EFA2D62D7EF}
	EndProjectSection
EndProject
Project("{2150E333-8FDC-42A3-9474-1A3956D46DE8}") = "THP", "THP", "{090DD6B2-7727-488B-AF77-31A68418A910}"
EndProject
Project("{2150E333-8FDC-42A3-9474-1A3956D46DE8}") = "APP", "APP", "{CD840781-D060-4F71-963B-EF501E237089}"
EndProject
Project("{2150E333-8FDC-42A3-9474-1A3956D46DE8}") = "ENG", "ENG", "{04CD8357-5767-4402-93EB-4653D5976AF8}"
EndProject
Project("{2150E333-8FDC-42A3-9474-1A3956D46DE8}") = "SHA", "SHA", "{6691A00D-66E8-49E7-8701-7341066443B9}"
EndProject
Project("{8BC9CEB8-8B4A-11D0-8D11-00A0C91BC942}") = "GameShader", "GameShader\GameShader.vcxproj", "{94571D56-2B03-43D9-A6AC-06A5A794777F}"
EndProject
Project("{8BC9CEB8-8B4A-11D0-8D11-00A0C91BC942}") = "FW1FontWrapper", "thirdparty\FW1FontWrapper-master\FW1FontWrapper\FW1FontWrapper.vcxproj", "{9F62DB07-EA42-4388-82AB-E6FAA371F353}"
EndProject
Project("{8BC9CEB8-8B4A-11D0-8D11-00A0C91BC942}") = "DirectXTex", "thirdparty\DirectXTex-main\DirectXTex\DirectXTex_Desktop_2022.vcxproj", "{371B9FA9-4C90-4AC6-A123-ACED756D6C77}"
EndProject
Project("{8BC9CEB8-8B4A-11D0-8D11-00A0C91BC942}") = "GameTool", "GameTool\GameTool.vcxproj", "{CEB9FEA4-D2D5-49ED-A882-30E40722563C}"
	ProjectSection(ProjectDependencies) = postProject
		{03BEAA48-8128-4EE5-A1C5-7F076E88C010} = {03BEAA48-8128-4EE5-A1C5-7F076E88C010}
		{C0F377A3-24F7-4E8B-B230-8EFA2D62D7EF} = {C0F377A3-24F7-4E8B-B230-8EFA2D62D7EF}
		{CD0D229C-0979-4878-98CD-93F2C71B5ACA} = {CD0D229C-0979-4878-98CD-93F2C71B5ACA}
	EndProjectSection
EndProject
Project("{8BC9CEB8-8B4A-11D0-8D11-00A0C91BC942}") = "DirectXTK_Desktop_2022", "thirdparty\DirectXTK-main\DirectXTK_Desktop_2022.vcxproj", "{E0B52AE7-E160-4D32-BF3F-910B785E5A8E}"
EndProject
Global
	GlobalSection(SolutionConfigurationPlatforms) = preSolution
		Debug|ARM64 = Debug|ARM64
		Debug|x64 = Debug|x64
		Debug|x86 = Debug|x86
		Profile|ARM64 = Profile|ARM64
		Profile|x64 = Profile|x64
		Profile|x86 = Profile|x86
		Release|ARM64 = Release|ARM64
		Release|x64 = Release|x64
		Release|x86 = Release|x86
	EndGlobalSection
	GlobalSection(ProjectConfigurationPlatforms) = postSolution
		{047646B9-C9E7-45E9-A515-41B3862366B2}.Debug|ARM64.ActiveCfg = Debug|x64
		{047646B9-C9E7-45E9-A515-41B3862366B2}.Debug|ARM64.Build.0 = Debug|x64
		{047646B9-C9E7-45E9-A515-41B3862366B2}.Debug|x64.ActiveCfg = Debug|x64
		{047646B9-C9E7-45E9-A515-41B3862366B2}.Debug|x64.Build.0 = Debug|x64
		{047646B9-C9E7-45E9-A515-41B3862366B2}.Debug|x86.ActiveCfg = Debug|Win32
		{047646B9-C9E7-45E9-A515-41B3862366B2}.Debug|x86.Build.0 = Debug|Win32
		{047646B9-C9E7-45E9-A515-41B3862366B2}.Profile|ARM64.ActiveCfg = Release|x64
		{047646B9-C9E7-45E9-A515-41B3862366B2}.Profile|ARM64.Build.0 = Release|x64
		{047646B9-C9E7-45E9-A515-41B3862366B2}.Profile|x64.ActiveCfg = Release|x64
		{047646B9-C9E7-45E9-A515-41B3862366B2}.Profile|x64.Build.0 = Release|x64
		{047646B9-C9E7-45E9-A515-41B3862366B2}.Profile|x86.ActiveCfg = Release|Win32
		{047646B9-C9E7-45E9-A515-41B3862366B2}.Profile|x86.Build.0 = Release|Win32
		{047646B9-C9E7-45E9-A515-41B3862366B2}.Release|ARM64.ActiveCfg = Release|x64
		{047646B9-C9E7-45E9-A515-41B3862366B2}.Release|ARM64.Build.0 = Release|x64
		{047646B9-C9E7-45E9-A515-41B3862366B2}.Release|x64.ActiveCfg = Release|x64
		{047646B9-C9E7-45E9-A515-41B3862366B2}.Release|x64.Build.0 = Release|x64
		{047646B9-C9E7-45E9-A515-41B3862366B2}.Release|x86.ActiveCfg = Release|Win32
		{047646B9-C9E7-45E9-A515-41B3862366B2}.Release|x86.Build.0 = Release|Win32
		{C0F377A3-24F7-4E8B-B230-8EFA2D62D7EF}.Debug|ARM64.ActiveCfg = Debug|x64
		{C0F377A3-24F7-4E8B-B230-8EFA2D62D7EF}.Debug|ARM64.Build.0 = Debug|x64
		{C0F377A3-24F7-4E8B-B230-8EFA2D62D7EF}.Debug|x64.ActiveCfg = Debug|x64
		{C0F377A3-24F7-4E8B-B230-8EFA2D62D7EF}.Debug|x64.Build.0 = Debug|x64
		{C0F377A3-24F7-4E8B-B230-8EFA2D62D7EF}.Debug|x86.ActiveCfg = Debug|Win32
		{C0F377A3-24F7-4E8B-B230-8EFA2D62D7EF}.Debug|x86.Build.0 = Debug|Win32
		{C0F377A3-24F7-4E8B-B230-8EFA2D62D7EF}.Profile|ARM64.ActiveCfg = Release|x64
		{C0F377A3-24F7-4E8B-B230-8EFA2D62D7EF}.Profile|ARM64.Build.0 = Release|x64
		{C0F377A3-24F7-4E8B-B230-8EFA2D62D7EF}.Profile|x64.ActiveCfg = Release|x64
		{C0F377A3-24F7-4E8B-B230-8EFA2D62D7EF}.Profile|x64.Build.0 = Release|x64
		{C0F377A3-24F7-4E8B-B230-8EFA2D62D7EF}.Profile|x86.ActiveCfg = Release|Win32
		{C0F377A3-24F7-4E8B-B230-8EFA2D62D7EF}.Profile|x86.Build.0 = Release|Win32
		{C0F377A3-24F7-4E8B-B230-8EFA2D62D7EF}.Release|ARM64.ActiveCfg = Release|x64
		{C0F377A3-24F7-4E8B-B230-8EFA2D62D7EF}.Release|ARM64.Build.0 = Release|x64
		{C0F377A3-24F7-4E8B-B230-8EFA2D62D7EF}.Release|x64.ActiveCfg = Release|x64
		{C0F377A3-24F7-4E8B-B230-8EFA2D62D7EF}.Release|x64.Build.0 = Release|x64
		{C0F377A3-24F7-4E8B-B230-8EFA2D62D7EF}.Release|x86.ActiveCfg = Release|Win32
		{C0F377A3-24F7-4E8B-B230-8EFA2D62D7EF}.Release|x86.Build.0 = Release|Win32
		{03BEAA48-8128-4EE5-A1C5-7F076E88C010}.Debug|ARM64.ActiveCfg = Debug|x64
		{03BEAA48-8128-4EE5-A1C5-7F076E88C010}.Debug|ARM64.Build.0 = Debug|x64
		{03BEAA48-8128-4EE5-A1C5-7F076E88C010}.Debug|x64.ActiveCfg = Debug|x64
		{03BEAA48-8128-4EE5-A1C5-7F076E88C010}.Debug|x64.Build.0 = Debug|x64
		{03BEAA48-8128-4EE5-A1C5-7F076E88C010}.Debug|x86.ActiveCfg = Debug|Win32
		{03BEAA48-8128-4EE5-A1C5-7F076E88C010}.Debug|x86.Build.0 = Debug|Win32
		{03BEAA48-8128-4EE5-A1C5-7F076E88C010}.Profile|ARM64.ActiveCfg = Release|x64
		{03BEAA48-8128-4EE5-A1C5-7F076E88C010}.Profile|ARM64.Build.0 = Release|x64
		{03BEAA48-8128-4EE5-A1C5-7F076E88C010}.Profile|x64.ActiveCfg = Release|x64
		{03BEAA48-8128-4EE5-A1C5-7F076E88C010}.Profile|x64.Build.0 = Release|x64
		{03BEAA48-8128-4EE5-A1C5-7F076E88C010}.Profile|x86.ActiveCfg = Release|Win32
		{03BEAA48-8128-4EE5-A1C5-7F076E88C010}.Profile|x86.Build.0 = Release|Win32
		{03BEAA48-8128-4EE5-A1C5-7F076E88C010}.Release|ARM64.ActiveCfg = Release|x64
		{03BEAA48-8128-4EE5-A1C5-7F076E88C010}.Release|ARM64.Build.0 = Release|x64
		{03BEAA48-8128-4EE5-A1C5-7F076E88C010}.Release|x64.ActiveCfg = Release|x64
		{03BEAA48-8128-4EE5-A1C5-7F076E88C010}.Release|x64.Build.0 = Release|x64
		{03BEAA48-8128-4EE5-A1C5-7F076E88C010}.Release|x86.ActiveCfg = Release|Win32
		{03BEAA48-8128-4EE5-A1C5-7F076E88C010}.Release|x86.Build.0 = Release|Win32
		{CD0D229C-0979-4878-98CD-93F2C71B5ACA}.Debug|ARM64.ActiveCfg = Debug|x64
		{CD0D229C-0979-4878-98CD-93F2C71B5ACA}.Debug|ARM64.Build.0 = Debug|x64
		{CD0D229C-0979-4878-98CD-93F2C71B5ACA}.Debug|x64.ActiveCfg = Debug|x64
		{CD0D229C-0979-4878-98CD-93F2C71B5ACA}.Debug|x64.Build.0 = Debug|x64
		{CD0D229C-0979-4878-98CD-93F2C71B5ACA}.Debug|x86.ActiveCfg = Debug|Win32
		{CD0D229C-0979-4878-98CD-93F2C71B5ACA}.Debug|x86.Build.0 = Debug|Win32
		{CD0D229C-0979-4878-98CD-93F2C71B5ACA}.Profile|ARM64.ActiveCfg = Release|x64
		{CD0D229C-0979-4878-98CD-93F2C71B5ACA}.Profile|ARM64.Build.0 = Release|x64
		{CD0D229C-0979-4878-98CD-93F2C71B5ACA}.Profile|x64.ActiveCfg = Release|x64
		{CD0D229C-0979-4878-98CD-93F2C71B5ACA}.Profile|x64.Build.0 = Release|x64
		{CD0D229C-0979-4878-98CD-93F2C71B5ACA}.Profile|x86.ActiveCfg = Release|Win32
		{CD0D229C-0979-4878-98CD-93F2C71B5ACA}.Profile|x86.Build.0 = Release|Win32
		{CD0D229C-0979-4878-98CD-93F2C71B5ACA}.Release|ARM64.ActiveCfg = Release|x64
		{CD0D229C-0979-4878-98CD-93F2C71B5ACA}.Release|ARM64.Build.0 = Release|x64
		{CD0D229C-0979-4878-98CD-93F2C71B5ACA}.Release|x64.ActiveCfg = Release|x64
		{CD0D229C-0979-4878-98CD-93F2C71B5ACA}.Release|x64.Build.0 = Release|x64
		{CD0D229C-0979-4878-98CD-93F2C71B5ACA}.Release|x86.ActiveCfg = Release|Win32
		{CD0D229C-0979-4878-98CD-93F2C71B5ACA}.Release|x86.Build.0 = Release|Win32
		{94571D56-2B03-43D9-A6AC-06A5A794777F}.Debug|ARM64.ActiveCfg = Debug|x64
		{94571D56-2B03-43D9-A6AC-06A5A794777F}.Debug|ARM64.Build.0 = Debug|x64
		{94571D56-2B03-43D9-A6AC-06A5A794777F}.Debug|x64.ActiveCfg = Debug|x64
		{94571D56-2B03-43D9-A6AC-06A5A794777F}.Debug|x64.Build.0 = Debug|x64
		{94571D56-2B03-43D9-A6AC-06A5A794777F}.Debug|x86.ActiveCfg = Debug|Win32
		{94571D56-2B03-43D9-A6AC-06A5A794777F}.Debug|x86.Build.0 = Debug|Win32
		{94571D56-2B03-43D9-A6AC-06A5A794777F}.Profile|ARM64.ActiveCfg = Release|x64
		{94571D56-2B03-43D9-A6AC-06A5A794777F}.Profile|ARM64.Build.0 = Release|x64
		{94571D56-2B03-43D9-A6AC-06A5A794777F}.Profile|x64.ActiveCfg = Release|x64
		{94571D56-2B03-43D9-A6AC-06A5A794777F}.Profile|x64.Build.0 = Release|x64
		{94571D56-2B03-43D9-A6AC-06A5A794777F}.Profile|x86.ActiveCfg = Release|Win32
		{94571D56-2B03-43D9-A6AC-06A5A794777F}.Profile|x86.Build.0 = Release|Win32
		{94571D56-2B03-43D9-A6AC-06A5A794777F}.Release|ARM64.ActiveCfg = Release|x64
		{94571D56-2B03-43D9-A6AC-06A5A794777F}.Release|ARM64.Build.0 = Release|x64
		{94571D56-2B03-43D9-A6AC-06A5A794777F}.Release|x64.ActiveCfg = Release|x64
		{94571D56-2B03-43D9-A6AC-06A5A794777F}.Release|x64.Build.0 = Release|x64
		{94571D56-2B03-43D9-A6AC-06A5A794777F}.Release|x86.ActiveCfg = Release|Win32
		{94571D56-2B03-43D9-A6AC-06A5A794777F}.Release|x86.Build.0 = Release|Win32
		{9F62DB07-EA42-4388-82AB-E6FAA371F353}.Debug|ARM64.ActiveCfg = Debug|x64
		{9F62DB07-EA42-4388-82AB-E6FAA371F353}.Debug|ARM64.Build.0 = Debug|x64
		{9F62DB07-EA42-4388-82AB-E6FAA371F353}.Debug|x64.ActiveCfg = Debug|x64
		{9F62DB07-EA42-4388-82AB-E6FAA371F353}.Debug|x64.Build.0 = Debug|x64
		{9F62DB07-EA42-4388-82AB-E6FAA371F353}.Debug|x86.ActiveCfg = Debug|Win32
		{9F62DB07-EA42-4388-82AB-E6FAA371F353}.Debug|x86.Build.0 = Debug|Win32
		{9F62DB07-EA42-4388-82AB-E6FAA371F353}.Profile|ARM64.ActiveCfg = Debug|x64
		{9F62DB07-EA42-4388-82AB-E6FAA371F353}.Profile|ARM64.Build.0 = Debug|x64
		{9F62DB07-EA42-4388-82AB-E6FAA371F353}.Profile|x64.ActiveCfg = Debug|x64
		{9F62DB07-EA42-4388-82AB-E6FAA371F353}.Profile|x64.Build.0 = Debug|x64
		{9F62DB07-EA42-4388-82AB-E6FAA371F353}.Profile|x86.ActiveCfg = Debug|Win32
		{9F62DB07-EA42-4388-82AB-E6FAA371F353}.Profile|x86.Build.0 = Debug|Win32
		{9F62DB07-EA42-4388-82AB-E6FAA371F353}.Release|ARM64.ActiveCfg = Release|x64
		{9F62DB07-EA42-4388-82AB-E6FAA371F353}.Release|ARM64.Build.0 = Release|x64
		{9F62DB07-EA42-4388-82AB-E6FAA371F353}.Release|x64.ActiveCfg = Release|x64
		{9F62DB07-EA42-4388-82AB-E6FAA371F353}.Release|x64.Build.0 = Release|x64
		{9F62DB07-EA42-4388-82AB-E6FAA371F353}.Release|x86.ActiveCfg = Release|Win32
		{9F62DB07-EA42-4388-82AB-E6FAA371F353}.Release|x86.Build.0 = Release|Win32
		{371B9FA9-4C90-4AC6-A123-ACED756D6C77}.Debug|ARM64.ActiveCfg = Debug|x64
		{371B9FA9-4C90-4AC6-A123-ACED756D6C77}.Debug|ARM64.Build.0 = Debug|x64
		{371B9FA9-4C90-4AC6-A123-ACED756D6C77}.Debug|x64.ActiveCfg = Debug|x64
		{371B9FA9-4C90-4AC6-A123-ACED756D6C77}.Debug|x64.Build.0 = Debug|x64
		{371B9FA9-4C90-4AC6-A123-ACED756D6C77}.Debug|x86.ActiveCfg = Debug|Win32
		{371B9FA9-4C90-4AC6-A123-ACED756D6C77}.Debug|x86.Build.0 = Debug|Win32
		{371B9FA9-4C90-4AC6-A123-ACED756D6C77}.Profile|ARM64.ActiveCfg = Profile|x64
		{371B9FA9-4C90-4AC6-A123-ACED756D6C77}.Profile|ARM64.Build.0 = Profile|x64
		{371B9FA9-4C90-4AC6-A123-ACED756D6C77}.Profile|x64.ActiveCfg = Profile|x64
		{371B9FA9-4C90-4AC6-A123-ACED756D6C77}.Profile|x64.Build.0 = Profile|x64
		{371B9FA9-4C90-4AC6-A123-ACED756D6C77}.Profile|x86.ActiveCfg = Profile|Win32
		{371B9FA9-4C90-4AC6-A123-ACED756D6C77}.Profile|x86.Build.0 = Profile|Win32
		{371B9FA9-4C90-4AC6-A123-ACED756D6C77}.Release|ARM64.ActiveCfg = Release|x64
		{371B9FA9-4C90-4AC6-A123-ACED756D6C77}.Release|ARM64.Build.0 = Release|x64
		{371B9FA9-4C90-4AC6-A123-ACED756D6C77}.Release|x64.ActiveCfg = Release|x64
		{371B9FA9-4C90-4AC6-A123-ACED756D6C77}.Release|x64.Build.0 = Release|x64
		{371B9FA9-4C90-4AC6-A123-ACED756D6C77}.Release|x86.ActiveCfg = Release|Win32
		{371B9FA9-4C90-4AC6-A123-ACED756D6C77}.Release|x86.Build.0 = Release|Win32
		{CEB9FEA4-D2D5-49ED-A882-30E40722563C}.Debug|ARM64.ActiveCfg = Debug|x64
		{CEB9FEA4-D2D5-49ED-A882-30E40722563C}.Debug|ARM64.Build.0 = Debug|x64
		{CEB9FEA4-D2D5-49ED-A882-30E40722563C}.Debug|x64.ActiveCfg = Debug|x64
		{CEB9FEA4-D2D5-49ED-A882-30E40722563C}.Debug|x64.Build.0 = Debug|x64
		{CEB9FEA4-D2D5-49ED-A882-30E40722563C}.Debug|x86.ActiveCfg = Debug|Win32
		{CEB9FEA4-D2D5-49ED-A882-30E40722563C}.Debug|x86.Build.0 = Debug|Win32
		{CEB9FEA4-D2D5-49ED-A882-30E40722563C}.Profile|ARM64.ActiveCfg = Debug|x64
		{CEB9FEA4-D2D5-49ED-A882-30E40722563C}.Profile|ARM64.Build.0 = Debug|x64
		{CEB9FEA4-D2D5-49ED-A882-30E40722563C}.Profile|x64.ActiveCfg = Debug|x64
		{CEB9FEA4-D2D5-49ED-A882-30E40722563C}.Profile|x64.Build.0 = Debug|x64
		{CEB9FEA4-D2D5-49ED-A882-30E40722563C}.Profile|x86.ActiveCfg = Debug|Win32
		{CEB9FEA4-D2D5-49ED-A882-30E40722563C}.Profile|x86.Build.0 = Debug|Win32
		{CEB9FEA4-D2D5-49ED-A882-30E40722563C}.Release|ARM64.ActiveCfg = Release|x64
		{CEB9FEA4-D2D5-49ED-A882-30E40722563C}.Release|ARM64.Build.0 = Release|x64
		{CEB9FEA4-D2D5-49ED-A882-30E40722563C}.Release|x64.ActiveCfg = Release|x64
		{CEB9FEA4-D2D5-49ED-A882-30E40722563C}.Release|x64.Build.0 = Release|x64
		{CEB9FEA4-D2D5-49ED-A882-30E40722563C}.Release|x86.ActiveCfg = Release|Win32
		{CEB9FEA4-D2D5-49ED-A882-30E40722563C}.Release|x86.Build.0 = Release|Win32
		{E0B52AE7-E160-4D32-BF3F-910B785E5A8E}.Debug|ARM64.ActiveCfg = Debug|x64
		{E0B52AE7-E160-4D32-BF3F-910B785E5A8E}.Debug|ARM64.Build.0 = Debug|x64
		{E0B52AE7-E160-4D32-BF3F-910B785E5A8E}.Debug|x64.ActiveCfg = Debug|x64
		{E0B52AE7-E160-4D32-BF3F-910B785E5A8E}.Debug|x64.Build.0 = Debug|x64
		{E0B52AE7-E160-4D32-BF3F-910B785E5A8E}.Debug|x86.ActiveCfg = Debug|Win32
		{E0B52AE7-E160-4D32-BF3F-910B785E5A8E}.Debug|x86.Build.0 = Debug|Win32
		{E0B52AE7-E160-4D32-BF3F-910B785E5A8E}.Profile|ARM64.ActiveCfg = Debug|x64
		{E0B52AE7-E160-4D32-BF3F-910B785E5A8E}.Profile|ARM64.Build.0 = Debug|x64
		{E0B52AE7-E160-4D32-BF3F-910B785E5A8E}.Profile|x64.ActiveCfg = Debug|x64
		{E0B52AE7-E160-4D32-BF3F-910B785E5A8E}.Profile|x64.Build.0 = Debug|x64
		{E0B52AE7-E160-4D32-BF3F-910B785E5A8E}.Profile|x86.ActiveCfg = Debug|Win32
		{E0B52AE7-E160-4D32-BF3F-910B785E5A8E}.Profile|x86.Build.0 = Debug|Win32
		{E0B52AE7-E160-4D32-BF3F-910B785E5A8E}.Release|ARM64.ActiveCfg = Release|x64
		{E0B52AE7-E160-4D32-BF3F-910B785E5A8E}.Release|ARM64.Build.0 = Release|x64
		{E0B52AE7-E160-4D32-BF3F-910B785E5A8E}.Release|x64.ActiveCfg = Release|x64
		{E0B52AE7-E160-4D32-BF3F-910B785E5A8E}.Release|x64.Build.0 = Release|x64
		{E0B52AE7-E160-4D32-BF3F-910B785E5A8E}.Release|x86.ActiveCfg = Release|Win32
		{E0B52AE7-E160-4D32-BF3F-910B785E5A8E}.Release|x86.Build.0 = Release|Win32
	EndGlobalSection
	GlobalSection(SolutionProperties) = preSolution
		HideSolutionNode = FALSE
	EndGlobalSection
	GlobalSection(NestedProjects) = preSolution
		{047646B9-C9E7-45E9-A515-41B3862366B2} = {CD840781-D060-4F71-963B-EF501E237089}
		{C0F377A3-24F7-4E8B-B230-8EFA2D62D7EF} = {04CD8357-5767-4402-93EB-4653D5976AF8}
		{03BEAA48-8128-4EE5-A1C5-7F076E88C010} = {04CD8357-5767-4402-93EB-4653D5976AF8}
		{CD0D229C-0979-4878-98CD-93F2C71B5ACA} = {04CD8357-5767-4402-93EB-4653D5976AF8}
		{94571D56-2B03-43D9-A6AC-06A5A794777F} = {6691A00D-66E8-49E7-8701-7341066443B9}
		{9F62DB07-EA42-4388-82AB-E6FAA371F353} = {090DD6B2-7727-488B-AF77-31A68418A910}
		{371B9FA9-4C90-4AC6-A123-ACED756D6C77} = {090DD6B2-7727-488B-AF77-31A68418A910}
		{CEB9FEA4-D2D5-49ED-A882-30E40722563C} = {CD840781-D060-4F71-963B-EF501E237089}
		{E0B52AE7-E160-4D32-BF3F-910B785E5A8E} = {090DD6B2-7727-488B-AF77-31A68418A910}
	EndGlobalSection
	GlobalSection(ExtensibilityGlobals) = postSolution
		SolutionGuid = {B41BC12C-A29F-4687-97A1-3625B79066DD}
	EndGlobalSection
EndGlobal
